
Microsoft Visual Studio Solution File, Format Version 11.00
# Visual Studio 2010
Project("{FAE04EC0-301F-11D3-BF4B-00C04F79EFBC}") = "Assembly-CSharp", "Assembly-CSharp.csproj", "{3a4827b5-8f46-afa2-44cb-fdc42876e2a2}"
EndProject
Project("{FAE04EC0-301F-11D3-BF4B-00C04F79EFBC}") = "Assembly-CSharp-Editor", "Assembly-CSharp-Editor.csproj", "{6bb6b423-fc4a-767a-62b6-215ce17827a9}"
EndProject
Global
	GlobalSection(SolutionConfigurationPlatforms) = preSolution
		Debug|Any CPU = Debug|Any CPU
		Release|Any CPU = Release|Any CPU
	EndGlobalSection
	GlobalSection(ProjectConfigurationPlatforms) = postSolution
		{3a4827b5-8f46-afa2-44cb-fdc42876e2a2}.Debug|Any CPU.ActiveCfg = Debug|Any CPU
		{3a4827b5-8f46-afa2-44cb-fdc42876e2a2}.Debug|Any CPU.Build.0 = Debug|Any CPU
		{3a4827b5-8f46-afa2-44cb-fdc42876e2a2}.Release|Any CPU.ActiveCfg = Release|Any CPU
		{3a4827b5-8f46-afa2-44cb-fdc42876e2a2}.Release|Any CPU.Build.0 = Release|Any CPU
		{6bb6b423-fc4a-767a-62b6-215ce17827a9}.Debug|Any CPU.ActiveCfg = Debug|Any CPU
		{6bb6b423-fc4a-767a-62b6-215ce17827a9}.Debug|Any CPU.Build.0 = Debug|Any CPU
		{6bb6b423-fc4a-767a-62b6-215ce17827a9}.Release|Any CPU.ActiveCfg = Release|Any CPU
		{6bb6b423-fc4a-767a-62b6-215ce17827a9}.Release|Any CPU.Build.0 = Release|Any CPU
	EndGlobalSection
	GlobalSection(SolutionProperties) = preSolution
		HideSolutionNode = FALSE
	EndGlobalSection
EndGlobal
